// !$*UTF8*$!
{
	archiveVersion = 1;
	classes = {
	};
	objectVersion = 46;
	objects = {

/* Begin PBXBuildFile section */
		BF139E791BF478EE008754EA /* main.m in Sources */ = {isa = PBXBuildFile; fileRef = BF139E781BF478EE008754EA /* main.m */; };
		BF139E7C1BF478EE008754EA /* AppDelegate.m in Sources */ = {isa = PBXBuildFile; fileRef = BF139E7B1BF478EE008754EA /* AppDelegate.m */; };
		BF139E7F1BF478EE008754EA /* ViewController.m in Sources */ = {isa = PBXBuildFile; fileRef = BF139E7E1BF478EE008754EA /* ViewController.m */; };
		BF139E821BF478EE008754EA /* Main.storyboard in Resources */ = {isa = PBXBuildFile; fileRef = BF139E801BF478EE008754EA /* Main.storyboard */; };
		BF139E841BF478EE008754EA /* Assets.xcassets in Resources */ = {isa = PBXBuildFile; fileRef = BF139E831BF478EE008754EA /* Assets.xcassets */; };
		BF139E871BF478EE008754EA /* LaunchScreen.storyboard in Resources */ = {isa = PBXBuildFile; fileRef = BF139E851BF478EE008754EA /* LaunchScreen.storyboard */; };
		BF139E921BF478EE008754EA /* JMImagePickerTests.m in Sources */ = {isa = PBXBuildFile; fileRef = BF139E911BF478EE008754EA /* JMImagePickerTests.m */; };
		BF139E9D1BF478EE008754EA /* JMImagePickerUITests.m in Sources */ = {isa = PBXBuildFile; fileRef = BF139E9C1BF478EE008754EA /* JMImagePickerUITests.m */; };
		BF139EAD1BF4790B008754EA /* JMPickerViewController.m in Sources */ = {isa = PBXBuildFile; fileRef = BF139EAB1BF4790B008754EA /* JMPickerViewController.m */; };
		BF139EAE1BF4790B008754EA /* JMPickerViewController.xib in Resources */ = {isa = PBXBuildFile; fileRef = BF139EAC1BF4790B008754EA /* JMPickerViewController.xib */; };
		BFB592F11BF4C08B00CC8CAE /* DNAlbumTableViewController.m in Sources */ = {isa = PBXBuildFile; fileRef = BFB592C81BF4C08B00CC8CAE /* DNAlbumTableViewController.m */; };
		BFB592F21BF4C08B00CC8CAE /* DNAsset.m in Sources */ = {isa = PBXBuildFile; fileRef = BFB592CA1BF4C08B00CC8CAE /* DNAsset.m */; };
		BFB592F31BF4C08B00CC8CAE /* DNImageFlowViewController.m in Sources */ = {isa = PBXBuildFile; fileRef = BFB592CC1BF4C08B00CC8CAE /* DNImageFlowViewController.m */; };
		BFB592F41BF4C08B00CC8CAE /* DNImagePickerController.m in Sources */ = {isa = PBXBuildFile; fileRef = BFB592CE1BF4C08B00CC8CAE /* DNImagePickerController.m */; };
		BFB592F51BF4C08B00CC8CAE /* DNImagePickerController.strings in Resources */ = {isa = PBXBuildFile; fileRef = BFB592CF1BF4C08B00CC8CAE /* DNImagePickerController.strings */; };
		BFB592F61BF4C08B00CC8CAE /* DNPhotoBrowser.m in Sources */ = {isa = PBXBuildFile; fileRef = BFB592D11BF4C08B00CC8CAE /* DNPhotoBrowser.m */; };
		BFB592F71BF4C08B00CC8CAE /* DNImagePicker.strings in Resources */ = {isa = PBXBuildFile; fileRef = BFB592D21BF4C08B00CC8CAE /* DNImagePicker.strings */; };
		BFB592F81BF4C08B00CC8CAE /* NSURL+DNIMagePickerUrlEqual.m in Sources */ = {isa = PBXBuildFile; fileRef = BFB592D61BF4C08B00CC8CAE /* NSURL+DNIMagePickerUrlEqual.m */; };
		BFB592F91BF4C08B00CC8CAE /* UIColor+Hex.m in Sources */ = {isa = PBXBuildFile; fileRef = BFB592D81BF4C08B00CC8CAE /* UIColor+Hex.m */; };
		BFB592FA1BF4C08B00CC8CAE /* UIView+DNImagePicker.m in Sources */ = {isa = PBXBuildFile; fileRef = BFB592DA1BF4C08B00CC8CAE /* UIView+DNImagePicker.m */; };
		BFB592FB1BF4C08B00CC8CAE /* UIViewController+DNImagePicker.m in Sources */ = {isa = PBXBuildFile; fileRef = BFB592DC1BF4C08B00CC8CAE /* UIViewController+DNImagePicker.m */; };
		BFB592FC1BF4C08B00CC8CAE /* imageResources.xcassets in Resources */ = {isa = PBXBuildFile; fileRef = BFB592DD1BF4C08B00CC8CAE /* imageResources.xcassets */; };
		BFB592FD1BF4C08B00CC8CAE /* ImagesPicker.xcassets in Resources */ = {isa = PBXBuildFile; fileRef = BFB592DE1BF4C08B00CC8CAE /* ImagesPicker.xcassets */; };
		BFB592FE1BF4C08B00CC8CAE /* DNAssetsViewCell.m in Sources */ = {isa = PBXBuildFile; fileRef = BFB592E11BF4C08B00CC8CAE /* DNAssetsViewCell.m */; };
		BFB592FF1BF4C08B00CC8CAE /* DNBadgeLabel.m in Sources */ = {isa = PBXBuildFile; fileRef = BFB592E31BF4C08B00CC8CAE /* DNBadgeLabel.m */; };
		BFB593001BF4C08B00CC8CAE /* DNBrowserCell.m in Sources */ = {isa = PBXBuildFile; fileRef = BFB592E51BF4C08B00CC8CAE /* DNBrowserCell.m */; };
		BFB593011BF4C08B00CC8CAE /* DNFullImageButton.m in Sources */ = {isa = PBXBuildFile; fileRef = BFB592E71BF4C08B00CC8CAE /* DNFullImageButton.m */; };
		BFB593021BF4C08B00CC8CAE /* DNSendButton.m in Sources */ = {isa = PBXBuildFile; fileRef = BFB592E91BF4C08B00CC8CAE /* DNSendButton.m */; };
		BFB593031BF4C08B00CC8CAE /* DNUnAuthorizedTipsView.m in Sources */ = {isa = PBXBuildFile; fileRef = BFB592EB1BF4C08B00CC8CAE /* DNUnAuthorizedTipsView.m */; };
		BFB593041BF4C08B00CC8CAE /* JKPromptView.m in Sources */ = {isa = PBXBuildFile; fileRef = BFB592ED1BF4C08B00CC8CAE /* JKPromptView.m */; };
		BFB593051BF4C08B00CC8CAE /* MWTapDetectingImageView.m in Sources */ = {isa = PBXBuildFile; fileRef = BFB592EF1BF4C08B00CC8CAE /* MWTapDetectingImageView.m */; };
		BFB593071BF4C09800CC8CAE /* AssetsLibrary.framework in Frameworks */ = {isa = PBXBuildFile; fileRef = BFB593061BF4C09800CC8CAE /* AssetsLibrary.framework */; };
/* End PBXBuildFile section */

/* Begin PBXContainerItemProxy section */
		BF139E8E1BF478EE008754EA /* PBXContainerItemProxy */ = {
			isa = PBXContainerItemProxy;
			containerPortal = BF139E6C1BF478EE008754EA /* Project object */;
			proxyType = 1;
			remoteGlobalIDString = BF139E731BF478EE008754EA;
			remoteInfo = JMImagePicker;
		};
		BF139E991BF478EE008754EA /* PBXContainerItemProxy */ = {
			isa = PBXContainerItemProxy;
			containerPortal = BF139E6C1BF478EE008754EA /* Project object */;
			proxyType = 1;
			remoteGlobalIDString = BF139E731BF478EE008754EA;
			remoteInfo = JMImagePicker;
		};
/* End PBXContainerItemProxy section */

/* Begin PBXFileReference section */
		BF139E741BF478EE008754EA /* JMImagePicker.app */ = {isa = PBXFileReference; explicitFileType = wrapper.application; includeInIndex = 0; path = JMImagePicker.app; sourceTree = BUILT_PRODUCTS_DIR; };
		BF139E781BF478EE008754EA /* main.m */ = {isa = PBXFileReference; lastKnownFileType = sourcecode.c.objc; path = main.m; sourceTree = "<group>"; };
		BF139E7A1BF478EE008754EA /* AppDelegate.h */ = {isa = PBXFileReference; lastKnownFileType = sourcecode.c.h; path = AppDelegate.h; sourceTree = "<group>"; };
		BF139E7B1BF478EE008754EA /* AppDelegate.m */ = {isa = PBXFileReference; lastKnownFileType = sourcecode.c.objc; path = AppDelegate.m; sourceTree = "<group>"; };
		BF139E7D1BF478EE008754EA /* ViewController.h */ = {isa = PBXFileReference; lastKnownFileType = sourcecode.c.h; path = ViewController.h; sourceTree = "<group>"; };
		BF139E7E1BF478EE008754EA /* ViewController.m */ = {isa = PBXFileReference; lastKnownFileType = sourcecode.c.objc; path = ViewController.m; sourceTree = "<group>"; };
		BF139E811BF478EE008754EA /* Base */ = {isa = PBXFileReference; lastKnownFileType = file.storyboard; name = Base; path = Base.lproj/Main.storyboard; sourceTree = "<group>"; };
		BF139E831BF478EE008754EA /* Assets.xcassets */ = {isa = PBXFileReference; lastKnownFileType = folder.assetcatalog; path = Assets.xcassets; sourceTree = "<group>"; };
		BF139E861BF478EE008754EA /* Base */ = {isa = PBXFileReference; lastKnownFileType = file.storyboard; name = Base; path = Base.lproj/LaunchScreen.storyboard; sourceTree = "<group>"; };
		BF139E881BF478EE008754EA /* Info.plist */ = {isa = PBXFileReference; lastKnownFileType = text.plist.xml; path = Info.plist; sourceTree = "<group>"; };
		BF139E8D1BF478EE008754EA /* JMImagePickerTests.xctest */ = {isa = PBXFileReference; explicitFileType = wrapper.cfbundle; includeInIndex = 0; path = JMImagePickerTests.xctest; sourceTree = BUILT_PRODUCTS_DIR; };
		BF139E911BF478EE008754EA /* JMImagePickerTests.m */ = {isa = PBXFileReference; lastKnownFileType = sourcecode.c.objc; path = JMImagePickerTests.m; sourceTree = "<group>"; };
		BF139E931BF478EE008754EA /* Info.plist */ = {isa = PBXFileReference; lastKnownFileType = text.plist.xml; path = Info.plist; sourceTree = "<group>"; };
		BF139E981BF478EE008754EA /* JMImagePickerUITests.xctest */ = {isa = PBXFileReference; explicitFileType = wrapper.cfbundle; includeInIndex = 0; path = JMImagePickerUITests.xctest; sourceTree = BUILT_PRODUCTS_DIR; };
		BF139E9C1BF478EE008754EA /* JMImagePickerUITests.m */ = {isa = PBXFileReference; lastKnownFileType = sourcecode.c.objc; path = JMImagePickerUITests.m; sourceTree = "<group>"; };
		BF139E9E1BF478EE008754EA /* Info.plist */ = {isa = PBXFileReference; lastKnownFileType = text.plist.xml; path = Info.plist; sourceTree = "<group>"; };
		BF139EAA1BF4790B008754EA /* JMPickerViewController.h */ = {isa = PBXFileReference; fileEncoding = 4; lastKnownFileType = sourcecode.c.h; path = JMPickerViewController.h; sourceTree = "<group>"; };
		BF139EAB1BF4790B008754EA /* JMPickerViewController.m */ = {isa = PBXFileReference; fileEncoding = 4; lastKnownFileType = sourcecode.c.objc; path = JMPickerViewController.m; sourceTree = "<group>"; };
		BF139EAC1BF4790B008754EA /* JMPickerViewController.xib */ = {isa = PBXFileReference; fileEncoding = 4; lastKnownFileType = file.xib; path = JMPickerViewController.xib; sourceTree = "<group>"; };
		BFB592C71BF4C08B00CC8CAE /* DNAlbumTableViewController.h */ = {isa = PBXFileReference; fileEncoding = 4; lastKnownFileType = sourcecode.c.h; path = DNAlbumTableViewController.h; sourceTree = "<group>"; };
		BFB592C81BF4C08B00CC8CAE /* DNAlbumTableViewController.m */ = {isa = PBXFileReference; fileEncoding = 4; lastKnownFileType = sourcecode.c.objc; path = DNAlbumTableViewController.m; sourceTree = "<group>"; };
		BFB592C91BF4C08B00CC8CAE /* DNAsset.h */ = {isa = PBXFileReference; fileEncoding = 4; lastKnownFileType = sourcecode.c.h; path = DNAsset.h; sourceTree = "<group>"; };
		BFB592CA1BF4C08B00CC8CAE /* DNAsset.m */ = {isa = PBXFileReference; fileEncoding = 4; lastKnownFileType = sourcecode.c.objc; path = DNAsset.m; sourceTree = "<group>"; };
		BFB592CB1BF4C08B00CC8CAE /* DNImageFlowViewController.h */ = {isa = PBXFileReference; fileEncoding = 4; lastKnownFileType = sourcecode.c.h; path = DNImageFlowViewController.h; sourceTree = "<group>"; };
		BFB592CC1BF4C08B00CC8CAE /* DNImageFlowViewController.m */ = {isa = PBXFileReference; fileEncoding = 4; lastKnownFileType = sourcecode.c.objc; path = DNImageFlowViewController.m; sourceTree = "<group>"; };
		BFB592CD1BF4C08B00CC8CAE /* DNImagePickerController.h */ = {isa = PBXFileReference; fileEncoding = 4; lastKnownFileType = sourcecode.c.h; path = DNImagePickerController.h; sourceTree = "<group>"; };
		BFB592CE1BF4C08B00CC8CAE /* DNImagePickerController.m */ = {isa = PBXFileReference; fileEncoding = 4; lastKnownFileType = sourcecode.c.objc; path = DNImagePickerController.m; sourceTree = "<group>"; };
		BFB592CF1BF4C08B00CC8CAE /* DNImagePickerController.strings */ = {isa = PBXFileReference; fileEncoding = 4; lastKnownFileType = text.plist.strings; path = DNImagePickerController.strings; sourceTree = "<group>"; };
		BFB592D01BF4C08B00CC8CAE /* DNPhotoBrowser.h */ = {isa = PBXFileReference; fileEncoding = 4; lastKnownFileType = sourcecode.c.h; path = DNPhotoBrowser.h; sourceTree = "<group>"; };
		BFB592D11BF4C08B00CC8CAE /* DNPhotoBrowser.m */ = {isa = PBXFileReference; fileEncoding = 4; lastKnownFileType = sourcecode.c.objc; path = DNPhotoBrowser.m; sourceTree = "<group>"; };
		BFB592D31BF4C08B00CC8CAE /* en */ = {isa = PBXFileReference; lastKnownFileType = text.plist.strings; name = en; path = en.lproj/DNImagePicker.strings; sourceTree = "<group>"; };
		BFB592D51BF4C08B00CC8CAE /* NSURL+DNIMagePickerUrlEqual.h */ = {isa = PBXFileReference; fileEncoding = 4; lastKnownFileType = sourcecode.c.h; path = "NSURL+DNIMagePickerUrlEqual.h"; sourceTree = "<group>"; };
		BFB592D61BF4C08B00CC8CAE /* NSURL+DNIMagePickerUrlEqual.m */ = {isa = PBXFileReference; fileEncoding = 4; lastKnownFileType = sourcecode.c.objc; path = "NSURL+DNIMagePickerUrlEqual.m"; sourceTree = "<group>"; };
		BFB592D71BF4C08B00CC8CAE /* UIColor+Hex.h */ = {isa = PBXFileReference; fileEncoding = 4; lastKnownFileType = sourcecode.c.h; path = "UIColor+Hex.h"; sourceTree = "<group>"; };
		BFB592D81BF4C08B00CC8CAE /* UIColor+Hex.m */ = {isa = PBXFileReference; fileEncoding = 4; lastKnownFileType = sourcecode.c.objc; path = "UIColor+Hex.m"; sourceTree = "<group>"; };
		BFB592D91BF4C08B00CC8CAE /* UIView+DNImagePicker.h */ = {isa = PBXFileReference; fileEncoding = 4; lastKnownFileType = sourcecode.c.h; path = "UIView+DNImagePicker.h"; sourceTree = "<group>"; };
		BFB592DA1BF4C08B00CC8CAE /* UIView+DNImagePicker.m */ = {isa = PBXFileReference; fileEncoding = 4; lastKnownFileType = sourcecode.c.objc; path = "UIView+DNImagePicker.m"; sourceTree = "<group>"; };
		BFB592DB1BF4C08B00CC8CAE /* UIViewController+DNImagePicker.h */ = {isa = PBXFileReference; fileEncoding = 4; lastKnownFileType = sourcecode.c.h; path = "UIViewController+DNImagePicker.h"; sourceTree = "<group>"; };
		BFB592DC1BF4C08B00CC8CAE /* UIViewController+DNImagePicker.m */ = {isa = PBXFileReference; fileEncoding = 4; lastKnownFileType = sourcecode.c.objc; path = "UIViewController+DNImagePicker.m"; sourceTree = "<group>"; };
		BFB592DD1BF4C08B00CC8CAE /* imageResources.xcassets */ = {isa = PBXFileReference; lastKnownFileType = folder.assetcatalog; path = imageResources.xcassets; sourceTree = "<group>"; };
		BFB592DE1BF4C08B00CC8CAE /* ImagesPicker.xcassets */ = {isa = PBXFileReference; lastKnownFileType = folder.assetcatalog; path = ImagesPicker.xcassets; sourceTree = "<group>"; };
		BFB592E01BF4C08B00CC8CAE /* DNAssetsViewCell.h */ = {isa = PBXFileReference; fileEncoding = 4; lastKnownFileType = sourcecode.c.h; path = DNAssetsViewCell.h; sourceTree = "<group>"; };
		BFB592E11BF4C08B00CC8CAE /* DNAssetsViewCell.m */ = {isa = PBXFileReference; fileEncoding = 4; lastKnownFileType = sourcecode.c.objc; path = DNAssetsViewCell.m; sourceTree = "<group>"; };
		BFB592E21BF4C08B00CC8CAE /* DNBadgeLabel.h */ = {isa = PBXFileReference; fileEncoding = 4; lastKnownFileType = sourcecode.c.h; path = DNBadgeLabel.h; sourceTree = "<group>"; };
		BFB592E31BF4C08B00CC8CAE /* DNBadgeLabel.m */ = {isa = PBXFileReference; fileEncoding = 4; lastKnownFileType = sourcecode.c.objc; path = DNBadgeLabel.m; sourceTree = "<group>"; };
		BFB592E41BF4C08B00CC8CAE /* DNBrowserCell.h */ = {isa = PBXFileReference; fileEncoding = 4; lastKnownFileType = sourcecode.c.h; path = DNBrowserCell.h; sourceTree = "<group>"; };
		BFB592E51BF4C08B00CC8CAE /* DNBrowserCell.m */ = {isa = PBXFileReference; fileEncoding = 4; lastKnownFileType = sourcecode.c.objc; path = DNBrowserCell.m; sourceTree = "<group>"; };
		BFB592E61BF4C08B00CC8CAE /* DNFullImageButton.h */ = {isa = PBXFileReference; fileEncoding = 4; lastKnownFileType = sourcecode.c.h; path = DNFullImageButton.h; sourceTree = "<group>"; };
		BFB592E71BF4C08B00CC8CAE /* DNFullImageButton.m */ = {isa = PBXFileReference; fileEncoding = 4; lastKnownFileType = sourcecode.c.objc; path = DNFullImageButton.m; sourceTree = "<group>"; };
		BFB592E81BF4C08B00CC8CAE /* DNSendButton.h */ = {isa = PBXFileReference; fileEncoding = 4; lastKnownFileType = sourcecode.c.h; path = DNSendButton.h; sourceTree = "<group>"; };
		BFB592E91BF4C08B00CC8CAE /* DNSendButton.m */ = {isa = PBXFileReference; fileEncoding = 4; lastKnownFileType = sourcecode.c.objc; path = DNSendButton.m; sourceTree = "<group>"; };
		BFB592EA1BF4C08B00CC8CAE /* DNUnAuthorizedTipsView.h */ = {isa = PBXFileReference; fileEncoding = 4; lastKnownFileType = sourcecode.c.h; path = DNUnAuthorizedTipsView.h; sourceTree = "<group>"; };
		BFB592EB1BF4C08B00CC8CAE /* DNUnAuthorizedTipsView.m */ = {isa = PBXFileReference; fileEncoding = 4; lastKnownFileType = sourcecode.c.objc; path = DNUnAuthorizedTipsView.m; sourceTree = "<group>"; };
		BFB592EC1BF4C08B00CC8CAE /* JKPromptView.h */ = {isa = PBXFileReference; fileEncoding = 4; lastKnownFileType = sourcecode.c.h; path = JKPromptView.h; sourceTree = "<group>"; };
		BFB592ED1BF4C08B00CC8CAE /* JKPromptView.m */ = {isa = PBXFileReference; fileEncoding = 4; lastKnownFileType = sourcecode.c.objc; path = JKPromptView.m; sourceTree = "<group>"; };
		BFB592EE1BF4C08B00CC8CAE /* MWTapDetectingImageView.h */ = {isa = PBXFileReference; fileEncoding = 4; lastKnownFileType = sourcecode.c.h; path = MWTapDetectingImageView.h; sourceTree = "<group>"; };
		BFB592EF1BF4C08B00CC8CAE /* MWTapDetectingImageView.m */ = {isa = PBXFileReference; fileEncoding = 4; lastKnownFileType = sourcecode.c.objc; path = MWTapDetectingImageView.m; sourceTree = "<group>"; };
		BFB592F01BF4C08B00CC8CAE /* zh-Hans */ = {isa = PBXFileReference; lastKnownFileType = text.plist.strings; name = "zh-Hans"; path = "zh-Hans.lproj/DNImagePicker.strings"; sourceTree = "<group>"; };
		BFB593061BF4C09800CC8CAE /* AssetsLibrary.framework */ = {isa = PBXFileReference; lastKnownFileType = wrapper.framework; name = AssetsLibrary.framework; path = System/Library/Frameworks/AssetsLibrary.framework; sourceTree = SDKROOT; };
/* End PBXFileReference section */

/* Begin PBXFrameworksBuildPhase section */
		BF139E711BF478EE008754EA /* Frameworks */ = {
			isa = PBXFrameworksBuildPhase;
			buildActionMask = 2147483647;
			files = (
				BFB593071BF4C09800CC8CAE /* AssetsLibrary.framework in Frameworks */,
			);
			runOnlyForDeploymentPostprocessing = 0;
		};
		BF139E8A1BF478EE008754EA /* Frameworks */ = {
			isa = PBXFrameworksBuildPhase;
			buildActionMask = 2147483647;
			files = (
			);
			runOnlyForDeploymentPostprocessing = 0;
		};
		BF139E951BF478EE008754EA /* Frameworks */ = {
			isa = PBXFrameworksBuildPhase;
			buildActionMask = 2147483647;
			files = (
			);
			runOnlyForDeploymentPostprocessing = 0;
		};
/* End PBXFrameworksBuildPhase section */

/* Begin PBXGroup section */
		BF139E6B1BF478EE008754EA = {
			isa = PBXGroup;
			children = (
				BFB593061BF4C09800CC8CAE /* AssetsLibrary.framework */,
				BF139E761BF478EE008754EA /* JMImagePicker */,
				BF139E901BF478EE008754EA /* JMImagePickerTests */,
				BF139E9B1BF478EE008754EA /* JMImagePickerUITests */,
				BF139E751BF478EE008754EA /* Products */,
			);
			sourceTree = "<group>";
		};
		BF139E751BF478EE008754EA /* Products */ = {
			isa = PBXGroup;
			children = (
				BF139E741BF478EE008754EA /* JMImagePicker.app */,
				BF139E8D1BF478EE008754EA /* JMImagePickerTests.xctest */,
				BF139E981BF478EE008754EA /* JMImagePickerUITests.xctest */,
			);
			name = Products;
			sourceTree = "<group>";
		};
		BF139E761BF478EE008754EA /* JMImagePicker */ = {
			isa = PBXGroup;
			children = (
				BFB592C61BF4C08B00CC8CAE /* DNImagePicker */,
				BF139E7A1BF478EE008754EA /* AppDelegate.h */,
				BF139E7B1BF478EE008754EA /* AppDelegate.m */,
				BF139EAA1BF4790B008754EA /* JMPickerViewController.h */,
				BF139EAB1BF4790B008754EA /* JMPickerViewController.m */,
				BF139EAC1BF4790B008754EA /* JMPickerViewController.xib */,
				BF139E7D1BF478EE008754EA /* ViewController.h */,
				BF139E7E1BF478EE008754EA /* ViewController.m */,
				BF139E801BF478EE008754EA /* Main.storyboard */,
				BF139E831BF478EE008754EA /* Assets.xcassets */,
				BF139E851BF478EE008754EA /* LaunchScreen.storyboard */,
				BF139E881BF478EE008754EA /* Info.plist */,
				BF139E771BF478EE008754EA /* Supporting Files */,
			);
			path = JMImagePicker;
			sourceTree = "<group>";
		};
		BF139E771BF478EE008754EA /* Supporting Files */ = {
			isa = PBXGroup;
			children = (
				BF139E781BF478EE008754EA /* main.m */,
			);
			name = "Supporting Files";
			sourceTree = "<group>";
		};
		BF139E901BF478EE008754EA /* JMImagePickerTests */ = {
			isa = PBXGroup;
			children = (
				BF139E911BF478EE008754EA /* JMImagePickerTests.m */,
				BF139E931BF478EE008754EA /* Info.plist */,
			);
			path = JMImagePickerTests;
			sourceTree = "<group>";
		};
		BF139E9B1BF478EE008754EA /* JMImagePickerUITests */ = {
			isa = PBXGroup;
			children = (
				BF139E9C1BF478EE008754EA /* JMImagePickerUITests.m */,
				BF139E9E1BF478EE008754EA /* Info.plist */,
			);
			path = JMImagePickerUITests;
			sourceTree = "<group>";
		};
		BFB592C61BF4C08B00CC8CAE /* DNImagePicker */ = {
			isa = PBXGroup;
			children = (
				BFB592C71BF4C08B00CC8CAE /* DNAlbumTableViewController.h */,
				BFB592C81BF4C08B00CC8CAE /* DNAlbumTableViewController.m */,
				BFB592C91BF4C08B00CC8CAE /* DNAsset.h */,
				BFB592CA1BF4C08B00CC8CAE /* DNAsset.m */,
				BFB592CB1BF4C08B00CC8CAE /* DNImageFlowViewController.h */,
				BFB592CC1BF4C08B00CC8CAE /* DNImageFlowViewController.m */,
				BFB592CD1BF4C08B00CC8CAE /* DNImagePickerController.h */,
				BFB592CE1BF4C08B00CC8CAE /* DNImagePickerController.m */,
				BFB592CF1BF4C08B00CC8CAE /* DNImagePickerController.strings */,
				BFB592D01BF4C08B00CC8CAE /* DNPhotoBrowser.h */,
				BFB592D11BF4C08B00CC8CAE /* DNPhotoBrowser.m */,
				BFB592D21BF4C08B00CC8CAE /* DNImagePicker.strings */,
				BFB592D41BF4C08B00CC8CAE /* Extensions */,
				BFB592DD1BF4C08B00CC8CAE /* imageResources.xcassets */,
				BFB592DE1BF4C08B00CC8CAE /* ImagesPicker.xcassets */,
				BFB592DF1BF4C08B00CC8CAE /* Views */,
			);
			path = DNImagePicker;
			sourceTree = "<group>";
		};
		BFB592D41BF4C08B00CC8CAE /* Extensions */ = {
			isa = PBXGroup;
			children = (
				BFB592D51BF4C08B00CC8CAE /* NSURL+DNIMagePickerUrlEqual.h */,
				BFB592D61BF4C08B00CC8CAE /* NSURL+DNIMagePickerUrlEqual.m */,
				BFB592D71BF4C08B00CC8CAE /* UIColor+Hex.h */,
				BFB592D81BF4C08B00CC8CAE /* UIColor+Hex.m */,
				BFB592D91BF4C08B00CC8CAE /* UIView+DNImagePicker.h */,
				BFB592DA1BF4C08B00CC8CAE /* UIView+DNImagePicker.m */,
				BFB592DB1BF4C08B00CC8CAE /* UIViewController+DNImagePicker.h */,
				BFB592DC1BF4C08B00CC8CAE /* UIViewController+DNImagePicker.m */,
			);
			path = Extensions;
			sourceTree = "<group>";
		};
		BFB592DF1BF4C08B00CC8CAE /* Views */ = {
			isa = PBXGroup;
			children = (
				BFB592E01BF4C08B00CC8CAE /* DNAssetsViewCell.h */,
				BFB592E11BF4C08B00CC8CAE /* DNAssetsViewCell.m */,
				BFB592E21BF4C08B00CC8CAE /* DNBadgeLabel.h */,
				BFB592E31BF4C08B00CC8CAE /* DNBadgeLabel.m */,
				BFB592E41BF4C08B00CC8CAE /* DNBrowserCell.h */,
				BFB592E51BF4C08B00CC8CAE /* DNBrowserCell.m */,
				BFB592E61BF4C08B00CC8CAE /* DNFullImageButton.h */,
				BFB592E71BF4C08B00CC8CAE /* DNFullImageButton.m */,
				BFB592E81BF4C08B00CC8CAE /* DNSendButton.h */,
				BFB592E91BF4C08B00CC8CAE /* DNSendButton.m */,
				BFB592EA1BF4C08B00CC8CAE /* DNUnAuthorizedTipsView.h */,
				BFB592EB1BF4C08B00CC8CAE /* DNUnAuthorizedTipsView.m */,
				BFB592EC1BF4C08B00CC8CAE /* JKPromptView.h */,
				BFB592ED1BF4C08B00CC8CAE /* JKPromptView.m */,
				BFB592EE1BF4C08B00CC8CAE /* MWTapDetectingImageView.h */,
				BFB592EF1BF4C08B00CC8CAE /* MWTapDetectingImageView.m */,
			);
			path = Views;
			sourceTree = "<group>";
		};
/* End PBXGroup section */

/* Begin PBXNativeTarget section */
		BF139E731BF478EE008754EA /* JMImagePicker */ = {
			isa = PBXNativeTarget;
			buildConfigurationList = BF139EA11BF478EE008754EA /* Build configuration list for PBXNativeTarget "JMImagePicker" */;
			buildPhases = (
				BF139E701BF478EE008754EA /* Sources */,
				BF139E711BF478EE008754EA /* Frameworks */,
				BF139E721BF478EE008754EA /* Resources */,
			);
			buildRules = (
			);
			dependencies = (
			);
			name = JMImagePicker;
			productName = JMImagePicker;
			productReference = BF139E741BF478EE008754EA /* JMImagePicker.app */;
			productType = "com.apple.product-type.application";
		};
		BF139E8C1BF478EE008754EA /* JMImagePickerTests */ = {
			isa = PBXNativeTarget;
			buildConfigurationList = BF139EA41BF478EE008754EA /* Build configuration list for PBXNativeTarget "JMImagePickerTests" */;
			buildPhases = (
				BF139E891BF478EE008754EA /* Sources */,
				BF139E8A1BF478EE008754EA /* Frameworks */,
				BF139E8B1BF478EE008754EA /* Resources */,
			);
			buildRules = (
			);
			dependencies = (
				BF139E8F1BF478EE008754EA /* PBXTargetDependency */,
			);
			name = JMImagePickerTests;
			productName = JMImagePickerTests;
			productReference = BF139E8D1BF478EE008754EA /* JMImagePickerTests.xctest */;
			productType = "com.apple.product-type.bundle.unit-test";
		};
		BF139E971BF478EE008754EA /* JMImagePickerUITests */ = {
			isa = PBXNativeTarget;
			buildConfigurationList = BF139EA71BF478EE008754EA /* Build configuration list for PBXNativeTarget "JMImagePickerUITests" */;
			buildPhases = (
				BF139E941BF478EE008754EA /* Sources */,
				BF139E951BF478EE008754EA /* Frameworks */,
				BF139E961BF478EE008754EA /* Resources */,
			);
			buildRules = (
			);
			dependencies = (
				BF139E9A1BF478EE008754EA /* PBXTargetDependency */,
			);
			name = JMImagePickerUITests;
			productName = JMImagePickerUITests;
			productReference = BF139E981BF478EE008754EA /* JMImagePickerUITests.xctest */;
			productType = "com.apple.product-type.bundle.ui-testing";
		};
/* End PBXNativeTarget section */

/* Begin PBXProject section */
		BF139E6C1BF478EE008754EA /* Project object */ = {
			isa = PBXProject;
			attributes = {
				LastUpgradeCheck = 0710;
				ORGANIZATIONNAME = "梁继明";
				TargetAttributes = {
					BF139E731BF478EE008754EA = {
						CreatedOnToolsVersion = 7.1;
					};
					BF139E8C1BF478EE008754EA = {
						CreatedOnToolsVersion = 7.1;
						TestTargetID = BF139E731BF478EE008754EA;
					};
					BF139E971BF478EE008754EA = {
						CreatedOnToolsVersion = 7.1;
						TestTargetID = BF139E731BF478EE008754EA;
					};
				};
			};
			buildConfigurationList = BF139E6F1BF478EE008754EA /* Build configuration list for PBXProject "JMImagePicker" */;
			compatibilityVersion = "Xcode 3.2";
			developmentRegion = English;
			hasScannedForEncodings = 0;
			knownRegions = (
				en,
				Base,
				"zh-Hans",
			);
			mainGroup = BF139E6B1BF478EE008754EA;
			productRefGroup = BF139E751BF478EE008754EA /* Products */;
			projectDirPath = "";
			projectRoot = "";
			targets = (
				BF139E731BF478EE008754EA /* JMImagePicker */,
				BF139E8C1BF478EE008754EA /* JMImagePickerTests */,
				BF139E971BF478EE008754EA /* JMImagePickerUITests */,
			);
		};
/* End PBXProject section */

/* Begin PBXResourcesBuildPhase section */
		BF139E721BF478EE008754EA /* Resources */ = {
			isa = PBXResourcesBuildPhase;
			buildActionMask = 2147483647;
			files = (
				BF139E871BF478EE008754EA /* LaunchScreen.storyboard in Resources */,
				BF139E841BF478EE008754EA /* Assets.xcassets in Resources */,
				BF139E821BF478EE008754EA /* Main.storyboard in Resources */,
				BFB592F51BF4C08B00CC8CAE /* DNImagePickerController.strings in Resources */,
				BFB592FC1BF4C08B00CC8CAE /* imageResources.xcassets in Resources */,
				BFB592FD1BF4C08B00CC8CAE /* ImagesPicker.xcassets in Resources */,
				BFB592F71BF4C08B00CC8CAE /* DNImagePicker.strings in Resources */,
				BF139EAE1BF4790B008754EA /* JMPickerViewController.xib in Resources */,
			);
			runOnlyForDeploymentPostprocessing = 0;
		};
		BF139E8B1BF478EE008754EA /* Resources */ = {
			isa = PBXResourcesBuildPhase;
			buildActionMask = 2147483647;
			files = (
			);
			runOnlyForDeploymentPostprocessing = 0;
		};
		BF139E961BF478EE008754EA /* Resources */ = {
			isa = PBXResourcesBuildPhase;
			buildActionMask = 2147483647;
			files = (
			);
			runOnlyForDeploymentPostprocessing = 0;
		};
/* End PBXResourcesBuildPhase section */

/* Begin PBXSourcesBuildPhase section */
		BF139E701BF478EE008754EA /* Sources */ = {
			isa = PBXSourcesBuildPhase;
			buildActionMask = 2147483647;
			files = (
				BFB593001BF4C08B00CC8CAE /* DNBrowserCell.m in Sources */,
				BFB592FA1BF4C08B00CC8CAE /* UIView+DNImagePicker.m in Sources */,
				BFB593011BF4C08B00CC8CAE /* DNFullImageButton.m in Sources */,
				BFB592F21BF4C08B00CC8CAE /* DNAsset.m in Sources */,
				BF139E7F1BF478EE008754EA /* ViewController.m in Sources */,
				BFB592F11BF4C08B00CC8CAE /* DNAlbumTableViewController.m in Sources */,
				BFB592FF1BF4C08B00CC8CAE /* DNBadgeLabel.m in Sources */,
				BFB593041BF4C08B00CC8CAE /* JKPromptView.m in Sources */,
				BFB592F41BF4C08B00CC8CAE /* DNImagePickerController.m in Sources */,
				BF139E7C1BF478EE008754EA /* AppDelegate.m in Sources */,
				BFB592F31BF4C08B00CC8CAE /* DNImageFlowViewController.m in Sources */,
				BFB592F61BF4C08B00CC8CAE /* DNPhotoBrowser.m in Sources */,
				BFB593021BF4C08B00CC8CAE /* DNSendButton.m in Sources */,
				BFB593031BF4C08B00CC8CAE /* DNUnAuthorizedTipsView.m in Sources */,
				BFB592F81BF4C08B00CC8CAE /* NSURL+DNIMagePickerUrlEqual.m in Sources */,
				BFB593051BF4C08B00CC8CAE /* MWTapDetectingImageView.m in Sources */,
				BFB592FB1BF4C08B00CC8CAE /* UIViewController+DNImagePicker.m in Sources */,
				BFB592F91BF4C08B00CC8CAE /* UIColor+Hex.m in Sources */,
				BF139E791BF478EE008754EA /* main.m in Sources */,
				BF139EAD1BF4790B008754EA /* JMPickerViewController.m in Sources */,
				BFB592FE1BF4C08B00CC8CAE /* DNAssetsViewCell.m in Sources */,
			);
			runOnlyForDeploymentPostprocessing = 0;
		};
		BF139E891BF478EE008754EA /* Sources */ = {
			isa = PBXSourcesBuildPhase;
			buildActionMask = 2147483647;
			files = (
				BF139E921BF478EE008754EA /* JMImagePickerTests.m in Sources */,
			);
			runOnlyForDeploymentPostprocessing = 0;
		};
		BF139E941BF478EE008754EA /* Sources */ = {
			isa = PBXSourcesBuildPhase;
			buildActionMask = 2147483647;
			files = (
				BF139E9D1BF478EE008754EA /* JMImagePickerUITests.m in Sources */,
			);
			runOnlyForDeploymentPostprocessing = 0;
		};
/* End PBXSourcesBuildPhase section */

/* Begin PBXTargetDependency section */
		BF139E8F1BF478EE008754EA /* PBXTargetDependency */ = {
			isa = PBXTargetDependency;
			target = BF139E731BF478EE008754EA /* JMImagePicker */;
			targetProxy = BF139E8E1BF478EE008754EA /* PBXContainerItemProxy */;
		};
		BF139E9A1BF478EE008754EA /* PBXTargetDependency */ = {
			isa = PBXTargetDependency;
			target = BF139E731BF478EE008754EA /* JMImagePicker */;
			targetProxy = BF139E991BF478EE008754EA /* PBXContainerItemProxy */;
		};
/* End PBXTargetDependency section */

/* Begin PBXVariantGroup section */
		BF139E801BF478EE008754EA /* Main.storyboard */ = {
			isa = PBXVariantGroup;
			children = (
				BF139E811BF478EE008754EA /* Base */,
			);
			name = Main.storyboard;
			sourceTree = "<group>";
		};
		BF139E851BF478EE008754EA /* LaunchScreen.storyboard */ = {
			isa = PBXVariantGroup;
			children = (
				BF139E861BF478EE008754EA /* Base */,
			);
			name = LaunchScreen.storyboard;
			sourceTree = "<group>";
		};
		BFB592D21BF4C08B00CC8CAE /* DNImagePicker.strings */ = {
			isa = PBXVariantGroup;
			children = (
				BFB592D31BF4C08B00CC8CAE /* en */,
				BFB592F01BF4C08B00CC8CAE /* zh-Hans */,
			);
			name = DNImagePicker.strings;
			sourceTree = "<group>";
		};
/* End PBXVariantGroup section */

/* Begin XCBuildConfiguration section */
		BF139E9F1BF478EE008754EA /* Debug */ = {
			isa = XCBuildConfiguration;
			buildSettings = {
				ALWAYS_SEARCH_USER_PATHS = NO;
				CLANG_CXX_LANGUAGE_STANDARD = "gnu++0x";
				CLANG_CXX_LIBRARY = "libc++";
				CLANG_ENABLE_MODULES = YES;
				CLANG_ENABLE_OBJC_ARC = YES;
				CLANG_WARN_BOOL_CONVERSION = YES;
				CLANG_WARN_CONSTANT_CONVERSION = YES;
				CLANG_WARN_DIRECT_OBJC_ISA_USAGE = YES_ERROR;
				CLANG_WARN_EMPTY_BODY = YES;
				CLANG_WARN_ENUM_CONVERSION = YES;
				CLANG_WARN_INT_CONVERSION = YES;
				CLANG_WARN_OBJC_ROOT_CLASS = YES_ERROR;
				CLANG_WARN_UNREACHABLE_CODE = YES;
				CLANG_WARN__DUPLICATE_METHOD_MATCH = YES;
				"CODE_SIGN_IDENTITY[sdk=iphoneos*]" = "iPhone Developer";
				COPY_PHASE_STRIP = NO;
				DEBUG_INFORMATION_FORMAT = dwarf;
				ENABLE_STRICT_OBJC_MSGSEND = YES;
				ENABLE_TESTABILITY = YES;
				GCC_C_LANGUAGE_STANDARD = gnu99;
				GCC_DYNAMIC_NO_PIC = NO;
				GCC_NO_COMMON_BLOCKS = YES;
				GCC_OPTIMIZATION_LEVEL = 0;
				GCC_PREPROCESSOR_DEFINITIONS = (
					"DEBUG=1",
					"$(inherited)",
				);
				GCC_WARN_64_TO_32_BIT_CONVERSION = YES;
				GCC_WARN_ABOUT_RETURN_TYPE = YES_ERROR;
				GCC_WARN_UNDECLARED_SELECTOR = YES;
				GCC_WARN_UNINITIALIZED_AUTOS = YES_AGGRESSIVE;
				GCC_WARN_UNUSED_FUNCTION = YES;
				GCC_WARN_UNUSED_VARIABLE = YES;
				IPHONEOS_DEPLOYMENT_TARGET = 9.1;
				MTL_ENABLE_DEBUG_INFO = YES;
				ONLY_ACTIVE_ARCH = YES;
				SDKROOT = iphoneos;
				TARGETED_DEVICE_FAMILY = "1,2";
			};
			name = Debug;
		};
		BF139EA01BF478EE008754EA /* Release */ = {
			isa = XCBuildConfiguration;
			buildSettings = {
				ALWAYS_SEARCH_USER_PATHS = NO;
				CLANG_CXX_LANGUAGE_STANDARD = "gnu++0x";
				CLANG_CXX_LIBRARY = "libc++";
				CLANG_ENABLE_MODULES = YES;
				CLANG_ENABLE_OBJC_ARC = YES;
				CLANG_WARN_BOOL_CONVERSION = YES;
				CLANG_WARN_CONSTANT_CONVERSION = YES;
				CLANG_WARN_DIRECT_OBJC_ISA_USAGE = YES_ERROR;
				CLANG_WARN_EMPTY_BODY = YES;
				CLANG_WARN_ENUM_CONVERSION = YES;
				CLANG_WARN_INT_CONVERSION = YES;
				CLANG_WARN_OBJC_ROOT_CLASS = YES_ERROR;
				CLANG_WARN_UNREACHABLE_CODE = YES;
				CLANG_WARN__DUPLICATE_METHOD_MATCH = YES;
				"CODE_SIGN_IDENTITY[sdk=iphoneos*]" = "iPhone Developer";
				COPY_PHASE_STRIP = NO;
				DEBUG_INFORMATION_FORMAT = "dwarf-with-dsym";
				ENABLE_NS_ASSERTIONS = NO;
				ENABLE_STRICT_OBJC_MSGSEND = YES;
				GCC_C_LANGUAGE_STANDARD = gnu99;
				GCC_NO_COMMON_BLOCKS = YES;
				GCC_WARN_64_TO_32_BIT_CONVERSION = YES;
				GCC_WARN_ABOUT_RETURN_TYPE = YES_ERROR;
				GCC_WARN_UNDECLARED_SELECTOR = YES;
				GCC_WARN_UNINITIALIZED_AUTOS = YES_AGGRESSIVE;
				GCC_WARN_UNUSED_FUNCTION = YES;
				GCC_WARN_UNUSED_VARIABLE = YES;
				IPHONEOS_DEPLOYMENT_TARGET = 9.1;
				MTL_ENABLE_DEBUG_INFO = NO;
				SDKROOT = iphoneos;
				TARGETED_DEVICE_FAMILY = "1,2";
				VALIDATE_PRODUCT = YES;
			};
			name = Release;
		};
		BF139EA21BF478EE008754EA /* Debug */ = {
			isa = XCBuildConfiguration;
			buildSettings = {
				ASSETCATALOG_COMPILER_APPICON_NAME = AppIcon;
				INFOPLIST_FILE = JMImagePicker/Info.plist;
				LD_RUNPATH_SEARCH_PATHS = "$(inherited) @executable_path/Frameworks";
				PRODUCT_BUNDLE_IDENTIFIER = com.Jimmy.JMImagePicker;
				PRODUCT_NAME = "$(TARGET_NAME)";
			};
			name = Debug;
		};
		BF139EA31BF478EE008754EA /* Release */ = {
			isa = XCBuildConfiguration;
			buildSettings = {
				ASSETCATALOG_COMPILER_APPICON_NAME = AppIcon;
				INFOPLIST_FILE = JMImagePicker/Info.plist;
				LD_RUNPATH_SEARCH_PATHS = "$(inherited) @executable_path/Frameworks";
				PRODUCT_BUNDLE_IDENTIFIER = com.Jimmy.JMImagePicker;
				PRODUCT_NAME = "$(TARGET_NAME)";
			};
			name = Release;
		};
		BF139EA51BF478EE008754EA /* Debug */ = {
			isa = XCBuildConfiguration;
			buildSettings = {
				BUNDLE_LOADER = "$(TEST_HOST)";
				INFOPLIST_FILE = JMImagePickerTests/Info.plist;
				LD_RUNPATH_SEARCH_PATHS = "$(inherited) @executable_path/Frameworks @loader_path/Frameworks";
				PRODUCT_BUNDLE_IDENTIFIER = com.Jimmy.JMImagePickerTests;
				PRODUCT_NAME = "$(TARGET_NAME)";
				TEST_HOST = "$(BUILT_PRODUCTS_DIR)/JMImagePicker.app/JMImagePicker";
			};
			name = Debug;
		};
		BF139EA61BF478EE008754EA /* Release */ = {
			isa = XCBuildConfiguration;
			buildSettings = {
				BUNDLE_LOADER = "$(TEST_HOST)";
				INFOPLIST_FILE = JMImagePickerTests/Info.plist;
				LD_RUNPATH_SEARCH_PATHS = "$(inherited) @executable_path/Frameworks @loader_path/Frameworks";
				PRODUCT_BUNDLE_IDENTIFIER = com.Jimmy.JMImagePickerTests;
				PRODUCT_NAME = "$(TARGET_NAME)";
				TEST_HOST = "$(BUILT_PRODUCTS_DIR)/JMImagePicker.app/JMImagePicker";
			};
			name = Release;
		};
		BF139EA81BF478EE008754EA /* Debug */ = {
			isa = XCBuildConfiguration;
			buildSettings = {
				INFOPLIST_FILE = JMImagePickerUITests/Info.plist;
				LD_RUNPATH_SEARCH_PATHS = "$(inherited) @executable_path/Frameworks @loader_path/Frameworks";
				PRODUCT_BUNDLE_IDENTIFIER = com.Jimmy.JMImagePickerUITests;
				PRODUCT_NAME = "$(TARGET_NAME)";
				TEST_TARGET_NAME = JMImagePicker;
				USES_XCTRUNNER = YES;
			};
			name = Debug;
		};
		BF139EA91BF478EE008754EA /* Release */ = {
			isa = XCBuildConfiguration;
			buildSettings = {
				INFOPLIST_FILE = JMImagePickerUITests/Info.plist;
				LD_RUNPATH_SEARCH_PATHS = "$(inherited) @executable_path/Frameworks @loader_path/Frameworks";
				PRODUCT_BUNDLE_IDENTIFIER = com.Jimmy.JMImagePickerUITests;
				PRODUCT_NAME = "$(TARGET_NAME)";
				TEST_TARGET_NAME = JMImagePicker;
				USES_XCTRUNNER = YES;
			};
			name = Release;
		};
/* End XCBuildConfiguration section */

/* Begin XCConfigurationList section */
		BF139E6F1BF478EE008754EA /* Build configuration list for PBXProject "JMImagePicker" */ = {
			isa = XCConfigurationList;
			buildConfigurations = (
				BF139E9F1BF478EE008754EA /* Debug */,
				BF139EA01BF478EE008754EA /* Release */,
			);
			defaultConfigurationIsVisible = 0;
			defaultConfigurationName = Release;
		};
		BF139EA11BF478EE008754EA /* Build configuration list for PBXNativeTarget "JMImagePicker" */ = {
			isa = XCConfigurationList;
			buildConfigurations = (
				BF139EA21BF478EE008754EA /* Debug */,
				BF139EA31BF478EE008754EA /* Release */,
			);
			defaultConfigurationIsVisible = 0;
			defaultConfigurationName = Release;
		};
		BF139EA41BF478EE008754EA /* Build configuration list for PBXNativeTarget "JMImagePickerTests" */ = {
			isa = XCConfigurationList;
			buildConfigurations = (
				BF139EA51BF478EE008754EA /* Debug */,
				BF139EA61BF478EE008754EA /* Release */,
			);
			defaultConfigurationIsVisible = 0;
			defaultConfigurationName = Release;
		};
		BF139EA71BF478EE008754EA /* Build configuration list for PBXNativeTarget "JMImagePickerUITests" */ = {
			isa = XCConfigurationList;
			buildConfigurations = (
				BF139EA81BF478EE008754EA /* Debug */,
				BF139EA91BF478EE008754EA /* Release */,
			);
			defaultConfigurationIsVisible = 0;
			defaultConfigurationName = Release;
		};
/* End XCConfigurationList section */
	};
	rootObject = BF139E6C1BF478EE008754EA /* Project object */;
}
